
Microsoft Visual Studio Solution File, Format Version 12.00
# Visual Studio 15
VisualStudioVersion = 15.0.26730.12
MinimumVisualStudioVersion = 10.0.40219.1
Project("{FAE04EC0-301F-11D3-BF4B-00C04F79EFBC}") = "XmlDocGenerator", "XmlDocGenerator\XmlDocGenerator.csproj", "{1ACC63C2-80A1-4A31-A98B-B48DAE1128F8}"
EndProject
Project("{FAE04EC0-301F-11D3-BF4B-00C04F79EFBC}") = "TestProject1", "TestProject1\TestProject1.csproj", "{CEDD3AA0-2E2F-4C96-A730-4ECFF74FE6D6}"
EndProject
Project("{FAE04EC0-301F-11D3-BF4B-00C04F79EFBC}") = "TestProject2", "TestProject2\TestProject2.csproj", "{4561F910-0F2D-4196-8D5C-351CC7252EA4}"
EndProject
Project("{FAE04EC0-301F-11D3-BF4B-00C04F79EFBC}") = "TestProject3", "TestProject3\TestProject3.csproj", "{39C84BAB-0EF8-4531-8172-F49F419461C2}"
EndProject
Global
	GlobalSection(SolutionConfigurationPlatforms) = preSolution
		Debug|Any CPU = Debug|Any CPU
		Release|Any CPU = Release|Any CPU
	EndGlobalSection
	GlobalSection(ProjectConfigurationPlatforms) = postSolution
		{1ACC63C2-80A1-4A31-A98B-B48DAE1128F8}.Debug|Any CPU.ActiveCfg = Debug|Any CPU
		{1ACC63C2-80A1-4A31-A98B-B48DAE1128F8}.Debug|Any CPU.Build.0 = Debug|Any CPU
		{1ACC63C2-80A1-4A31-A98B-B48DAE1128F8}.Release|Any CPU.ActiveCfg = Release|Any CPU
		{1ACC63C2-80A1-4A31-A98B-B48DAE1128F8}.Release|Any CPU.Build.0 = Release|Any CPU
		{CEDD3AA0-2E2F-4C96-A730-4ECFF74FE6D6}.Debug|Any CPU.ActiveCfg = Debug|Any CPU
		{CEDD3AA0-2E2F-4C96-A730-4ECFF74FE6D6}.Debug|Any CPU.Build.0 = Debug|Any CPU
		{CEDD3AA0-2E2F-4C96-A730-4ECFF74FE6D6}.Release|Any CPU.ActiveCfg = Release|Any CPU
		{CEDD3AA0-2E2F-4C96-A730-4ECFF74FE6D6}.Release|Any CPU.Build.0 = Release|Any CPU
		{4561F910-0F2D-4196-8D5C-351CC7252EA4}.Debug|Any CPU.ActiveCfg = Debug|Any CPU
		{4561F910-0F2D-4196-8D5C-351CC7252EA4}.Debug|Any CPU.Build.0 = Debug|Any CPU
		{4561F910-0F2D-4196-8D5C-351CC7252EA4}.Release|Any CPU.ActiveCfg = Release|Any CPU
		{4561F910-0F2D-4196-8D5C-351CC7252EA4}.Release|Any CPU.Build.0 = Release|Any CPU
		{39C84BAB-0EF8-4531-8172-F49F419461C2}.Debug|Any CPU.ActiveCfg = Debug|Any CPU
		{39C84BAB-0EF8-4531-8172-F49F419461C2}.Debug|Any CPU.Build.0 = Debug|Any CPU
		{39C84BAB-0EF8-4531-8172-F49F419461C2}.Release|Any CPU.ActiveCfg = Release|Any CPU
		{39C84BAB-0EF8-4531-8172-F49F419461C2}.Release|Any CPU.Build.0 = Release|Any CPU
	EndGlobalSection
	GlobalSection(SolutionProperties) = preSolution
		HideSolutionNode = FALSE
	EndGlobalSection
	GlobalSection(ExtensibilityGlobals) = postSolution
		SolutionGuid = {2958C241-0CD0-4BF5-95BA-3CBA56C960FA}
	EndGlobalSection
EndGlobal
